
Microsoft Visual Studio Solution File, Format Version 12.00
# Visual Studio Version 16
VisualStudioVersion = 16.0.31424.327
MinimumVisualStudioVersion = 10.0.40219.1
Project("{FAE04EC0-301F-11D3-BF4B-00C04F79EFBC}") = "GitFun.VS2019.Create", "GitFun.VS2019.Create\GitFun.VS2019.Create.csproj", "{3167DF79-B964-4D88-943A-BB8A5F0E0177}"
EndProject
Global
	GlobalSection(SolutionConfigurationPlatforms) = preSolution
		Debug|Any CPU = Debug|Any CPU
		Release|Any CPU = Release|Any CPU
	EndGlobalSection
	GlobalSection(ProjectConfigurationPlatforms) = postSolution
		{3167DF79-B964-4D88-943A-BB8A5F0E0177}.Debug|Any CPU.ActiveCfg = Debug|Any CPU
		{3167DF79-B964-4D88-943A-BB8A5F0E0177}.Debug|Any CPU.Build.0 = Debug|Any CPU
		{3167DF79-B964-4D88-943A-BB8A5F0E0177}.Release|Any CPU.ActiveCfg = Release|Any CPU
		{3167DF79-B964-4D88-943A-BB8A5F0E0177}.Release|Any CPU.Build.0 = Release|Any CPU
	EndGlobalSection
	GlobalSection(SolutionProperties) = preSolution
		HideSolutionNode = FALSE
	EndGlobalSection
	GlobalSection(ExtensibilityGlobals) = postSolution
		SolutionGuid = {F7101A4D-4FFF-48AB-AE7B-439FD5B0E0F4}
	EndGlobalSection
EndGlobal
